// !$*UTF8*$!
{
	archiveVersion = 1;
	classes = {
	};
	objectVersion = 56;
	objects = {

/* Begin PBXBuildFile section */
		2D26546D2AB1DDD300A023FB /* TabBarViewController.swift in Sources */ = {isa = PBXBuildFile; fileRef = 2D26546C2AB1DDD300A023FB /* TabBarViewController.swift */; };
		2D26546F2AB1DE5E00A023FB /* SearchViewController.swift in Sources */ = {isa = PBXBuildFile; fileRef = 2D26546E2AB1DE5E00A023FB /* SearchViewController.swift */; };
		2D2654712AB1DE6F00A023FB /* LibraryViewController.swift in Sources */ = {isa = PBXBuildFile; fileRef = 2D2654702AB1DE6F00A023FB /* LibraryViewController.swift */; };
		2D2654752AB1DF1D00A023FB /* AuthViewController.swift in Sources */ = {isa = PBXBuildFile; fileRef = 2D2654742AB1DF1D00A023FB /* AuthViewController.swift */; };
		2D2654782AB1DF7200A023FB /* WelcomeViewController.swift in Sources */ = {isa = PBXBuildFile; fileRef = 2D2654772AB1DF7200A023FB /* WelcomeViewController.swift */; };
		2D26547B2AB1E01E00A023FB /* SettingsViewController.swift in Sources */ = {isa = PBXBuildFile; fileRef = 2D26547A2AB1E01E00A023FB /* SettingsViewController.swift */; };
		2D26547D2AB1E07500A023FB /* ProfileViewController.swift in Sources */ = {isa = PBXBuildFile; fileRef = 2D26547C2AB1E07500A023FB /* ProfileViewController.swift */; };
		2D2654802AB1E09500A023FB /* PlayerViewController.swift in Sources */ = {isa = PBXBuildFile; fileRef = 2D26547F2AB1E09500A023FB /* PlayerViewController.swift */; };
		2D2654822AB1E0C600A023FB /* PlaylistViewController.swift in Sources */ = {isa = PBXBuildFile; fileRef = 2D2654812AB1E0C600A023FB /* PlaylistViewController.swift */; };
		2D2654852AB1E12F00A023FB /* SearchResultsViewController.swift in Sources */ = {isa = PBXBuildFile; fileRef = 2D2654842AB1E12F00A023FB /* SearchResultsViewController.swift */; };
		2D2654872AB1E38700A023FB /* AuthManager.swift in Sources */ = {isa = PBXBuildFile; fileRef = 2D2654862AB1E38700A023FB /* AuthManager.swift */; };
		2D2654892AB1E39E00A023FB /* APICaller.swift in Sources */ = {isa = PBXBuildFile; fileRef = 2D2654882AB1E39E00A023FB /* APICaller.swift */; };
		2D26548B2AB1E3D000A023FB /* HapticsManager.swift in Sources */ = {isa = PBXBuildFile; fileRef = 2D26548A2AB1E3D000A023FB /* HapticsManager.swift */; };
		2D26548D2AB1E4CA00A023FB /* Playlist.swift in Sources */ = {isa = PBXBuildFile; fileRef = 2D26548C2AB1E4CA00A023FB /* Playlist.swift */; };
		2D26548F2AB1E4DB00A023FB /* AudioTrack.swift in Sources */ = {isa = PBXBuildFile; fileRef = 2D26548E2AB1E4DB00A023FB /* AudioTrack.swift */; };
		2D2654912AB1E4F500A023FB /* Artist.swift in Sources */ = {isa = PBXBuildFile; fileRef = 2D2654902AB1E4F500A023FB /* Artist.swift */; };
		2D2654932AB1E50F00A023FB /* UserProfile.swift in Sources */ = {isa = PBXBuildFile; fileRef = 2D2654922AB1E50F00A023FB /* UserProfile.swift */; };
		2D32A0EC2AB4EA3A0059F7EB /* Constants.swift in Sources */ = {isa = PBXBuildFile; fileRef = 2D32A0EB2AB4EA3A0059F7EB /* Constants.swift */; };
		2D728BC42A9792C1006A7952 /* AppDelegate.swift in Sources */ = {isa = PBXBuildFile; fileRef = 2D728BC32A9792C1006A7952 /* AppDelegate.swift */; };
		2D728BC62A9792C1006A7952 /* SceneDelegate.swift in Sources */ = {isa = PBXBuildFile; fileRef = 2D728BC52A9792C1006A7952 /* SceneDelegate.swift */; };
		2D728BC82A9792C1006A7952 /* HomeViewController.swift in Sources */ = {isa = PBXBuildFile; fileRef = 2D728BC72A9792C1006A7952 /* HomeViewController.swift */; };
		2D728BCD2A9792C2006A7952 /* Assets.xcassets in Resources */ = {isa = PBXBuildFile; fileRef = 2D728BCC2A9792C2006A7952 /* Assets.xcassets */; };
		2D728BD02A9792C2006A7952 /* LaunchScreen.storyboard in Resources */ = {isa = PBXBuildFile; fileRef = 2D728BCE2A9792C2006A7952 /* LaunchScreen.storyboard */; };
		2DA7B1E52ABC7F1F002387E2 /* AuthResponse.swift in Sources */ = {isa = PBXBuildFile; fileRef = 2DA7B1E42ABC7F1F002387E2 /* AuthResponse.swift */; };
/* End PBXBuildFile section */

/* Begin PBXFileReference section */
		2D26546C2AB1DDD300A023FB /* TabBarViewController.swift */ = {isa = PBXFileReference; lastKnownFileType = sourcecode.swift; path = TabBarViewController.swift; sourceTree = "<group>"; };
		2D26546E2AB1DE5E00A023FB /* SearchViewController.swift */ = {isa = PBXFileReference; lastKnownFileType = sourcecode.swift; path = SearchViewController.swift; sourceTree = "<group>"; };
		2D2654702AB1DE6F00A023FB /* LibraryViewController.swift */ = {isa = PBXFileReference; lastKnownFileType = sourcecode.swift; path = LibraryViewController.swift; sourceTree = "<group>"; };
		2D2654742AB1DF1D00A023FB /* AuthViewController.swift */ = {isa = PBXFileReference; lastKnownFileType = sourcecode.swift; path = AuthViewController.swift; sourceTree = "<group>"; };
		2D2654772AB1DF7200A023FB /* WelcomeViewController.swift */ = {isa = PBXFileReference; lastKnownFileType = sourcecode.swift; path = WelcomeViewController.swift; sourceTree = "<group>"; };
		2D26547A2AB1E01E00A023FB /* SettingsViewController.swift */ = {isa = PBXFileReference; lastKnownFileType = sourcecode.swift; path = SettingsViewController.swift; sourceTree = "<group>"; };
		2D26547C2AB1E07500A023FB /* ProfileViewController.swift */ = {isa = PBXFileReference; lastKnownFileType = sourcecode.swift; path = ProfileViewController.swift; sourceTree = "<group>"; };
		2D26547F2AB1E09500A023FB /* PlayerViewController.swift */ = {isa = PBXFileReference; lastKnownFileType = sourcecode.swift; path = PlayerViewController.swift; sourceTree = "<group>"; };
		2D2654812AB1E0C600A023FB /* PlaylistViewController.swift */ = {isa = PBXFileReference; lastKnownFileType = sourcecode.swift; path = PlaylistViewController.swift; sourceTree = "<group>"; };
		2D2654842AB1E12F00A023FB /* SearchResultsViewController.swift */ = {isa = PBXFileReference; lastKnownFileType = sourcecode.swift; path = SearchResultsViewController.swift; sourceTree = "<group>"; };
		2D2654862AB1E38700A023FB /* AuthManager.swift */ = {isa = PBXFileReference; lastKnownFileType = sourcecode.swift; path = AuthManager.swift; sourceTree = "<group>"; };
		2D2654882AB1E39E00A023FB /* APICaller.swift */ = {isa = PBXFileReference; lastKnownFileType = sourcecode.swift; path = APICaller.swift; sourceTree = "<group>"; };
		2D26548A2AB1E3D000A023FB /* HapticsManager.swift */ = {isa = PBXFileReference; lastKnownFileType = sourcecode.swift; path = HapticsManager.swift; sourceTree = "<group>"; };
		2D26548C2AB1E4CA00A023FB /* Playlist.swift */ = {isa = PBXFileReference; lastKnownFileType = sourcecode.swift; path = Playlist.swift; sourceTree = "<group>"; };
		2D26548E2AB1E4DB00A023FB /* AudioTrack.swift */ = {isa = PBXFileReference; lastKnownFileType = sourcecode.swift; path = AudioTrack.swift; sourceTree = "<group>"; };
		2D2654902AB1E4F500A023FB /* Artist.swift */ = {isa = PBXFileReference; lastKnownFileType = sourcecode.swift; path = Artist.swift; sourceTree = "<group>"; };
		2D2654922AB1E50F00A023FB /* UserProfile.swift */ = {isa = PBXFileReference; lastKnownFileType = sourcecode.swift; path = UserProfile.swift; sourceTree = "<group>"; };
		2D32A0EB2AB4EA3A0059F7EB /* Constants.swift */ = {isa = PBXFileReference; lastKnownFileType = sourcecode.swift; path = Constants.swift; sourceTree = "<group>"; };
		2D728BC02A9792C1006A7952 /* Spotify-iOS16.app */ = {isa = PBXFileReference; explicitFileType = wrapper.application; includeInIndex = 0; path = "Spotify-iOS16.app"; sourceTree = BUILT_PRODUCTS_DIR; };
		2D728BC32A9792C1006A7952 /* AppDelegate.swift */ = {isa = PBXFileReference; lastKnownFileType = sourcecode.swift; path = AppDelegate.swift; sourceTree = "<group>"; };
		2D728BC52A9792C1006A7952 /* SceneDelegate.swift */ = {isa = PBXFileReference; lastKnownFileType = sourcecode.swift; path = SceneDelegate.swift; sourceTree = "<group>"; };
		2D728BC72A9792C1006A7952 /* HomeViewController.swift */ = {isa = PBXFileReference; lastKnownFileType = sourcecode.swift; path = HomeViewController.swift; sourceTree = "<group>"; };
		2D728BCC2A9792C2006A7952 /* Assets.xcassets */ = {isa = PBXFileReference; lastKnownFileType = folder.assetcatalog; path = Assets.xcassets; sourceTree = "<group>"; };
		2D728BCF2A9792C2006A7952 /* Base */ = {isa = PBXFileReference; lastKnownFileType = file.storyboard; name = Base; path = Base.lproj/LaunchScreen.storyboard; sourceTree = "<group>"; };
		2D728BD12A9792C2006A7952 /* Info.plist */ = {isa = PBXFileReference; lastKnownFileType = text.plist.xml; path = Info.plist; sourceTree = "<group>"; };
		2DA7B1E42ABC7F1F002387E2 /* AuthResponse.swift */ = {isa = PBXFileReference; lastKnownFileType = sourcecode.swift; path = AuthResponse.swift; sourceTree = "<group>"; };
/* End PBXFileReference section */

/* Begin PBXFrameworksBuildPhase section */
		2D728BBD2A9792C1006A7952 /* Frameworks */ = {
			isa = PBXFrameworksBuildPhase;
			buildActionMask = 2147483647;
			files = (
			);
			runOnlyForDeploymentPostprocessing = 0;
		};
/* End PBXFrameworksBuildPhase section */

/* Begin PBXGroup section */
		2D2654722AB1DEC300A023FB /* Core */ = {
			isa = PBXGroup;
			children = (
				2D26546C2AB1DDD300A023FB /* TabBarViewController.swift */,
				2D728BC72A9792C1006A7952 /* HomeViewController.swift */,
				2D26546E2AB1DE5E00A023FB /* SearchViewController.swift */,
				2D2654702AB1DE6F00A023FB /* LibraryViewController.swift */,
			);
			path = Core;
			sourceTree = "<group>";
		};
		2D2654732AB1DF0000A023FB /* Auth */ = {
			isa = PBXGroup;
			children = (
				2D2654742AB1DF1D00A023FB /* AuthViewController.swift */,
			);
			path = Auth;
			sourceTree = "<group>";
		};
		2D2654762AB1DF2D00A023FB /* OnBoarding */ = {
			isa = PBXGroup;
			children = (
				2D2654772AB1DF7200A023FB /* WelcomeViewController.swift */,
			);
			path = OnBoarding;
			sourceTree = "<group>";
		};
		2D2654792AB1E00900A023FB /* Settings */ = {
			isa = PBXGroup;
			children = (
				2D26547A2AB1E01E00A023FB /* SettingsViewController.swift */,
				2D26547C2AB1E07500A023FB /* ProfileViewController.swift */,
			);
			path = Settings;
			sourceTree = "<group>";
		};
		2D26547E2AB1E08300A023FB /* Player */ = {
			isa = PBXGroup;
			children = (
				2D26547F2AB1E09500A023FB /* PlayerViewController.swift */,
				2D2654812AB1E0C600A023FB /* PlaylistViewController.swift */,
			);
			path = Player;
			sourceTree = "<group>";
		};
		2D2654832AB1E10600A023FB /* Searching */ = {
			isa = PBXGroup;
			children = (
				2D2654842AB1E12F00A023FB /* SearchResultsViewController.swift */,
			);
			path = Searching;
			sourceTree = "<group>";
		};
		2D270C1D2A97A6E300DED4A6 /* Controllers */ = {
			isa = PBXGroup;
			children = (
				2D2654832AB1E10600A023FB /* Searching */,
				2D26547E2AB1E08300A023FB /* Player */,
				2D2654792AB1E00900A023FB /* Settings */,
				2D2654762AB1DF2D00A023FB /* OnBoarding */,
				2D2654732AB1DF0000A023FB /* Auth */,
				2D2654722AB1DEC300A023FB /* Core */,
			);
			path = Controllers;
			sourceTree = "<group>";
		};
		2D270C1E2A97A6FE00DED4A6 /* Views */ = {
			isa = PBXGroup;
			children = (
				2D728BCE2A9792C2006A7952 /* LaunchScreen.storyboard */,
			);
			path = Views;
			sourceTree = "<group>";
		};
		2D270C1F2A97A70C00DED4A6 /* Models */ = {
			isa = PBXGroup;
			children = (
				2D26548C2AB1E4CA00A023FB /* Playlist.swift */,
				2D26548E2AB1E4DB00A023FB /* AudioTrack.swift */,
				2D2654902AB1E4F500A023FB /* Artist.swift */,
				2D2654922AB1E50F00A023FB /* UserProfile.swift */,
				2DA7B1E42ABC7F1F002387E2 /* AuthResponse.swift */,
			);
			path = Models;
			sourceTree = "<group>";
		};
		2D270C202A97A71D00DED4A6 /* ViewModels */ = {
			isa = PBXGroup;
			children = (
			);
			path = ViewModels;
			sourceTree = "<group>";
		};
		2D270C212A97A73100DED4A6 /* Managers */ = {
			isa = PBXGroup;
			children = (
				2D2654862AB1E38700A023FB /* AuthManager.swift */,
				2D2654882AB1E39E00A023FB /* APICaller.swift */,
				2D26548A2AB1E3D000A023FB /* HapticsManager.swift */,
			);
			path = Managers;
			sourceTree = "<group>";
		};
		2D270C222A97A74D00DED4A6 /* Resources */ = {
			isa = PBXGroup;
			children = (
				2D728BC32A9792C1006A7952 /* AppDelegate.swift */,
				2D728BC52A9792C1006A7952 /* SceneDelegate.swift */,
				2D728BCC2A9792C2006A7952 /* Assets.xcassets */,
			);
			path = Resources;
			sourceTree = "<group>";
		};
		2D728BB72A9792C1006A7952 = {
			isa = PBXGroup;
			children = (
				2D728BC22A9792C1006A7952 /* Spotify-iOS16 */,
				2D728BC12A9792C1006A7952 /* Products */,
			);
			sourceTree = "<group>";
		};
		2D728BC12A9792C1006A7952 /* Products */ = {
			isa = PBXGroup;
			children = (
				2D728BC02A9792C1006A7952 /* Spotify-iOS16.app */,
			);
			name = Products;
			sourceTree = "<group>";
		};
		2D728BC22A9792C1006A7952 /* Spotify-iOS16 */ = {
			isa = PBXGroup;
			children = (
				2D270C222A97A74D00DED4A6 /* Resources */,
				2D270C212A97A73100DED4A6 /* Managers */,
				2D270C1F2A97A70C00DED4A6 /* Models */,
				2D270C1E2A97A6FE00DED4A6 /* Views */,
				2D270C202A97A71D00DED4A6 /* ViewModels */,
				2D270C1D2A97A6E300DED4A6 /* Controllers */,
				2D32A0EB2AB4EA3A0059F7EB /* Constants.swift */,
				2D728BD12A9792C2006A7952 /* Info.plist */,
			);
			path = "Spotify-iOS16";
			sourceTree = "<group>";
		};
/* End PBXGroup section */

/* Begin PBXNativeTarget section */
		2D728BBF2A9792C1006A7952 /* Spotify-iOS16 */ = {
			isa = PBXNativeTarget;
			buildConfigurationList = 2D728BD42A9792C2006A7952 /* Build configuration list for PBXNativeTarget "Spotify-iOS16" */;
			buildPhases = (
				2D728BBC2A9792C1006A7952 /* Sources */,
				2D728BBD2A9792C1006A7952 /* Frameworks */,
				2D728BBE2A9792C1006A7952 /* Resources */,
			);
			buildRules = (
			);
			dependencies = (
			);
			name = "Spotify-iOS16";
			productName = "Spotify-iOS16";
			productReference = 2D728BC02A9792C1006A7952 /* Spotify-iOS16.app */;
			productType = "com.apple.product-type.application";
		};
/* End PBXNativeTarget section */

/* Begin PBXProject section */
		2D728BB82A9792C1006A7952 /* Project object */ = {
			isa = PBXProject;
			attributes = {
				BuildIndependentTargetsInParallel = 1;
				LastSwiftUpdateCheck = 1430;
				LastUpgradeCheck = 1430;
				TargetAttributes = {
					2D728BBF2A9792C1006A7952 = {
						CreatedOnToolsVersion = 14.3;
					};
				};
			};
			buildConfigurationList = 2D728BBB2A9792C1006A7952 /* Build configuration list for PBXProject "Spotify-iOS16" */;
			compatibilityVersion = "Xcode 14.0";
			developmentRegion = en;
			hasScannedForEncodings = 0;
			knownRegions = (
				en,
				Base,
			);
			mainGroup = 2D728BB72A9792C1006A7952;
			productRefGroup = 2D728BC12A9792C1006A7952 /* Products */;
			projectDirPath = "";
			projectRoot = "";
			targets = (
				2D728BBF2A9792C1006A7952 /* Spotify-iOS16 */,
			);
		};
/* End PBXProject section */

/* Begin PBXResourcesBuildPhase section */
		2D728BBE2A9792C1006A7952 /* Resources */ = {
			isa = PBXResourcesBuildPhase;
			buildActionMask = 2147483647;
			files = (
				2D728BD02A9792C2006A7952 /* LaunchScreen.storyboard in Resources */,
				2D728BCD2A9792C2006A7952 /* Assets.xcassets in Resources */,
			);
			runOnlyForDeploymentPostprocessing = 0;
		};
/* End PBXResourcesBuildPhase section */

/* Begin PBXSourcesBuildPhase section */
		2D728BBC2A9792C1006A7952 /* Sources */ = {
			isa = PBXSourcesBuildPhase;
			buildActionMask = 2147483647;
			files = (
				2D26546F2AB1DE5E00A023FB /* SearchViewController.swift in Sources */,
				2D26548D2AB1E4CA00A023FB /* Playlist.swift in Sources */,
				2D2654872AB1E38700A023FB /* AuthManager.swift in Sources */,
				2D2654852AB1E12F00A023FB /* SearchResultsViewController.swift in Sources */,
				2D2654782AB1DF7200A023FB /* WelcomeViewController.swift in Sources */,
				2D26547D2AB1E07500A023FB /* ProfileViewController.swift in Sources */,
				2D26546D2AB1DDD300A023FB /* TabBarViewController.swift in Sources */,
				2D26548B2AB1E3D000A023FB /* HapticsManager.swift in Sources */,
				2DA7B1E52ABC7F1F002387E2 /* AuthResponse.swift in Sources */,
				2D26548F2AB1E4DB00A023FB /* AudioTrack.swift in Sources */,
				2D728BC82A9792C1006A7952 /* HomeViewController.swift in Sources */,
				2D2654752AB1DF1D00A023FB /* AuthViewController.swift in Sources */,
				2D32A0EC2AB4EA3A0059F7EB /* Constants.swift in Sources */,
				2D728BC42A9792C1006A7952 /* AppDelegate.swift in Sources */,
				2D2654932AB1E50F00A023FB /* UserProfile.swift in Sources */,
				2D2654712AB1DE6F00A023FB /* LibraryViewController.swift in Sources */,
				2D2654912AB1E4F500A023FB /* Artist.swift in Sources */,
				2D2654822AB1E0C600A023FB /* PlaylistViewController.swift in Sources */,
				2D728BC62A9792C1006A7952 /* SceneDelegate.swift in Sources */,
				2D2654802AB1E09500A023FB /* PlayerViewController.swift in Sources */,
				2D2654892AB1E39E00A023FB /* APICaller.swift in Sources */,
				2D26547B2AB1E01E00A023FB /* SettingsViewController.swift in Sources */,
			);
			runOnlyForDeploymentPostprocessing = 0;
		};
/* End PBXSourcesBuildPhase section */

/* Begin PBXVariantGroup section */
		2D728BCE2A9792C2006A7952 /* LaunchScreen.storyboard */ = {
			isa = PBXVariantGroup;
			children = (
				2D728BCF2A9792C2006A7952 /* Base */,
			);
			name = LaunchScreen.storyboard;
			sourceTree = "<group>";
		};
/* End PBXVariantGroup section */

/* Begin XCBuildConfiguration section */
		2D728BD22A9792C2006A7952 /* Debug */ = {
			isa = XCBuildConfiguration;
			buildSettings = {
				ALWAYS_SEARCH_USER_PATHS = NO;
				CLANG_ANALYZER_NONNULL = YES;
				CLANG_ANALYZER_NUMBER_OBJECT_CONVERSION = YES_AGGRESSIVE;
				CLANG_CXX_LANGUAGE_STANDARD = "gnu++20";
				CLANG_ENABLE_MODULES = YES;
				CLANG_ENABLE_OBJC_ARC = YES;
				CLANG_ENABLE_OBJC_WEAK = YES;
				CLANG_WARN_BLOCK_CAPTURE_AUTORELEASING = YES;
				CLANG_WARN_BOOL_CONVERSION = YES;
				CLANG_WARN_COMMA = YES;
				CLANG_WARN_CONSTANT_CONVERSION = YES;
				CLANG_WARN_DEPRECATED_OBJC_IMPLEMENTATIONS = YES;
				CLANG_WARN_DIRECT_OBJC_ISA_USAGE = YES_ERROR;
				CLANG_WARN_DOCUMENTATION_COMMENTS = YES;
				CLANG_WARN_EMPTY_BODY = YES;
				CLANG_WARN_ENUM_CONVERSION = YES;
				CLANG_WARN_INFINITE_RECURSION = YES;
				CLANG_WARN_INT_CONVERSION = YES;
				CLANG_WARN_NON_LITERAL_NULL_CONVERSION = YES;
				CLANG_WARN_OBJC_IMPLICIT_RETAIN_SELF = YES;
				CLANG_WARN_OBJC_LITERAL_CONVERSION = YES;
				CLANG_WARN_OBJC_ROOT_CLASS = YES_ERROR;
				CLANG_WARN_QUOTED_INCLUDE_IN_FRAMEWORK_HEADER = YES;
				CLANG_WARN_RANGE_LOOP_ANALYSIS = YES;
				CLANG_WARN_STRICT_PROTOTYPES = YES;
				CLANG_WARN_SUSPICIOUS_MOVE = YES;
				CLANG_WARN_UNGUARDED_AVAILABILITY = YES_AGGRESSIVE;
				CLANG_WARN_UNREACHABLE_CODE = YES;
				CLANG_WARN__DUPLICATE_METHOD_MATCH = YES;
				COPY_PHASE_STRIP = NO;
				DEBUG_INFORMATION_FORMAT = dwarf;
				ENABLE_STRICT_OBJC_MSGSEND = YES;
				ENABLE_TESTABILITY = YES;
				GCC_C_LANGUAGE_STANDARD = gnu11;
				GCC_DYNAMIC_NO_PIC = NO;
				GCC_NO_COMMON_BLOCKS = YES;
				GCC_OPTIMIZATION_LEVEL = 0;
				GCC_PREPROCESSOR_DEFINITIONS = (
					"DEBUG=1",
					"$(inherited)",
				);
				GCC_WARN_64_TO_32_BIT_CONVERSION = YES;
				GCC_WARN_ABOUT_RETURN_TYPE = YES_ERROR;
				GCC_WARN_UNDECLARED_SELECTOR = YES;
				GCC_WARN_UNINITIALIZED_AUTOS = YES_AGGRESSIVE;
				GCC_WARN_UNUSED_FUNCTION = YES;
				GCC_WARN_UNUSED_VARIABLE = YES;
				IPHONEOS_DEPLOYMENT_TARGET = 16.4;
				MTL_ENABLE_DEBUG_INFO = INCLUDE_SOURCE;
				MTL_FAST_MATH = YES;
				ONLY_ACTIVE_ARCH = YES;
				SDKROOT = iphoneos;
				SWIFT_ACTIVE_COMPILATION_CONDITIONS = DEBUG;
				SWIFT_OPTIMIZATION_LEVEL = "-Onone";
			};
			name = Debug;
		};
		2D728BD32A9792C2006A7952 /* Release */ = {
			isa = XCBuildConfiguration;
			buildSettings = {
				ALWAYS_SEARCH_USER_PATHS = NO;
				CLANG_ANALYZER_NONNULL = YES;
				CLANG_ANALYZER_NUMBER_OBJECT_CONVERSION = YES_AGGRESSIVE;
				CLANG_CXX_LANGUAGE_STANDARD = "gnu++20";
				CLANG_ENABLE_MODULES = YES;
				CLANG_ENABLE_OBJC_ARC = YES;
				CLANG_ENABLE_OBJC_WEAK = YES;
				CLANG_WARN_BLOCK_CAPTURE_AUTORELEASING = YES;
				CLANG_WARN_BOOL_CONVERSION = YES;
				CLANG_WARN_COMMA = YES;
				CLANG_WARN_CONSTANT_CONVERSION = YES;
				CLANG_WARN_DEPRECATED_OBJC_IMPLEMENTATIONS = YES;
				CLANG_WARN_DIRECT_OBJC_ISA_USAGE = YES_ERROR;
				CLANG_WARN_DOCUMENTATION_COMMENTS = YES;
				CLANG_WARN_EMPTY_BODY = YES;
				CLANG_WARN_ENUM_CONVERSION = YES;
				CLANG_WARN_INFINITE_RECURSION = YES;
				CLANG_WARN_INT_CONVERSION = YES;
				CLANG_WARN_NON_LITERAL_NULL_CONVERSION = YES;
				CLANG_WARN_OBJC_IMPLICIT_RETAIN_SELF = YES;
				CLANG_WARN_OBJC_LITERAL_CONVERSION = YES;
				CLANG_WARN_OBJC_ROOT_CLASS = YES_ERROR;
				CLANG_WARN_QUOTED_INCLUDE_IN_FRAMEWORK_HEADER = YES;
				CLANG_WARN_RANGE_LOOP_ANALYSIS = YES;
				CLANG_WARN_STRICT_PROTOTYPES = YES;
				CLANG_WARN_SUSPICIOUS_MOVE = YES;
				CLANG_WARN_UNGUARDED_AVAILABILITY = YES_AGGRESSIVE;
				CLANG_WARN_UNREACHABLE_CODE = YES;
				CLANG_WARN__DUPLICATE_METHOD_MATCH = YES;
				COPY_PHASE_STRIP = NO;
				DEBUG_INFORMATION_FORMAT = "dwarf-with-dsym";
				ENABLE_NS_ASSERTIONS = NO;
				ENABLE_STRICT_OBJC_MSGSEND = YES;
				GCC_C_LANGUAGE_STANDARD = gnu11;
				GCC_NO_COMMON_BLOCKS = YES;
				GCC_WARN_64_TO_32_BIT_CONVERSION = YES;
				GCC_WARN_ABOUT_RETURN_TYPE = YES_ERROR;
				GCC_WARN_UNDECLARED_SELECTOR = YES;
				GCC_WARN_UNINITIALIZED_AUTOS = YES_AGGRESSIVE;
				GCC_WARN_UNUSED_FUNCTION = YES;
				GCC_WARN_UNUSED_VARIABLE = YES;
				IPHONEOS_DEPLOYMENT_TARGET = 16.4;
				MTL_ENABLE_DEBUG_INFO = NO;
				MTL_FAST_MATH = YES;
				SDKROOT = iphoneos;
				SWIFT_COMPILATION_MODE = wholemodule;
				SWIFT_OPTIMIZATION_LEVEL = "-O";
				VALIDATE_PRODUCT = YES;
			};
			name = Release;
		};
		2D728BD52A9792C2006A7952 /* Debug */ = {
			isa = XCBuildConfiguration;
			buildSettings = {
				ASSETCATALOG_COMPILER_APPICON_NAME = AppIcon;
				ASSETCATALOG_COMPILER_GLOBAL_ACCENT_COLOR_NAME = AccentColor;
				CODE_SIGN_STYLE = Automatic;
				CURRENT_PROJECT_VERSION = 1;
				GENERATE_INFOPLIST_FILE = YES;
				INFOPLIST_FILE = "Spotify-iOS16/Info.plist";
				INFOPLIST_KEY_UIApplicationSupportsIndirectInputEvents = YES;
				INFOPLIST_KEY_UILaunchStoryboardName = LaunchScreen;
				INFOPLIST_KEY_UISupportedInterfaceOrientations_iPad = "UIInterfaceOrientationPortrait UIInterfaceOrientationPortraitUpsideDown UIInterfaceOrientationLandscapeLeft UIInterfaceOrientationLandscapeRight";
				INFOPLIST_KEY_UISupportedInterfaceOrientations_iPhone = "UIInterfaceOrientationPortrait UIInterfaceOrientationLandscapeLeft UIInterfaceOrientationLandscapeRight";
				LD_RUNPATH_SEARCH_PATHS = (
					"$(inherited)",
					"@executable_path/Frameworks",
				);
				MARKETING_VERSION = 1.0;
				PRODUCT_BUNDLE_IDENTIFIER = "com.amrmohamad.Spotify-iOS16";
				PRODUCT_NAME = "$(TARGET_NAME)";
				SWIFT_EMIT_LOC_STRINGS = YES;
				SWIFT_VERSION = 5.0;
				TARGETED_DEVICE_FAMILY = "1,2";
			};
			name = Debug;
		};
		2D728BD62A9792C2006A7952 /* Release */ = {
			isa = XCBuildConfiguration;
			buildSettings = {
				ASSETCATALOG_COMPILER_APPICON_NAME = AppIcon;
				ASSETCATALOG_COMPILER_GLOBAL_ACCENT_COLOR_NAME = AccentColor;
				CODE_SIGN_STYLE = Automatic;
				CURRENT_PROJECT_VERSION = 1;
				GENERATE_INFOPLIST_FILE = YES;
				INFOPLIST_FILE = "Spotify-iOS16/Info.plist";
				INFOPLIST_KEY_UIApplicationSupportsIndirectInputEvents = YES;
				INFOPLIST_KEY_UILaunchStoryboardName = LaunchScreen;
				INFOPLIST_KEY_UISupportedInterfaceOrientations_iPad = "UIInterfaceOrientationPortrait UIInterfaceOrientationPortraitUpsideDown UIInterfaceOrientationLandscapeLeft UIInterfaceOrientationLandscapeRight";
				INFOPLIST_KEY_UISupportedInterfaceOrientations_iPhone = "UIInterfaceOrientationPortrait UIInterfaceOrientationLandscapeLeft UIInterfaceOrientationLandscapeRight";
				LD_RUNPATH_SEARCH_PATHS = (
					"$(inherited)",
					"@executable_path/Frameworks",
				);
				MARKETING_VERSION = 1.0;
				PRODUCT_BUNDLE_IDENTIFIER = "com.amrmohamad.Spotify-iOS16";
				PRODUCT_NAME = "$(TARGET_NAME)";
				SWIFT_EMIT_LOC_STRINGS = YES;
				SWIFT_VERSION = 5.0;
				TARGETED_DEVICE_FAMILY = "1,2";
			};
			name = Release;
		};
/* End XCBuildConfiguration section */

/* Begin XCConfigurationList section */
		2D728BBB2A9792C1006A7952 /* Build configuration list for PBXProject "Spotify-iOS16" */ = {
			isa = XCConfigurationList;
			buildConfigurations = (
				2D728BD22A9792C2006A7952 /* Debug */,
				2D728BD32A9792C2006A7952 /* Release */,
			);
			defaultConfigurationIsVisible = 0;
			defaultConfigurationName = Release;
		};
		2D728BD42A9792C2006A7952 /* Build configuration list for PBXNativeTarget "Spotify-iOS16" */ = {
			isa = XCConfigurationList;
			buildConfigurations = (
				2D728BD52A9792C2006A7952 /* Debug */,
				2D728BD62A9792C2006A7952 /* Release */,
			);
			defaultConfigurationIsVisible = 0;
			defaultConfigurationName = Release;
		};
/* End XCConfigurationList section */
	};
	rootObject = 2D728BB82A9792C1006A7952 /* Project object */;
}
